
Microsoft Visual Studio Solution File, Format Version 12.00
# Visual Studio Version 17
VisualStudioVersion = 17.13.35825.156
MinimumVisualStudioVersion = 10.0.40219.1
Project("{FAE04EC0-301F-11D3-BF4B-00C04F79EFBC}") = "StorageApp", "StorageApp\StorageApp.csproj", "{B25FABA9-D79B-4272-A23F-82CC72B2DAEC}"
EndProject
Project("{FAE04EC0-301F-11D3-BF4B-00C04F79EFBC}") = "StorageAppTests", "StorageAppTests\StorageAppTests.csproj", "{522B4E84-0F74-4074-B5F4-EA903144CEE7}"
EndProject
Global
	GlobalSection(SolutionConfigurationPlatforms) = preSolution
		Debug|Any CPU = Debug|Any CPU
		Release|Any CPU = Release|Any CPU
	EndGlobalSection
	GlobalSection(ProjectConfigurationPlatforms) = postSolution
		{B25FABA9-D79B-4272-A23F-82CC72B2DAEC}.Debug|Any CPU.ActiveCfg = Debug|Any CPU
		{B25FABA9-D79B-4272-A23F-82CC72B2DAEC}.Debug|Any CPU.Build.0 = Debug|Any CPU
		{B25FABA9-D79B-4272-A23F-82CC72B2DAEC}.Release|Any CPU.ActiveCfg = Release|Any CPU
		{B25FABA9-D79B-4272-A23F-82CC72B2DAEC}.Release|Any CPU.Build.0 = Release|Any CPU
		{522B4E84-0F74-4074-B5F4-EA903144CEE7}.Debug|Any CPU.ActiveCfg = Debug|Any CPU
		{522B4E84-0F74-4074-B5F4-EA903144CEE7}.Debug|Any CPU.Build.0 = Debug|Any CPU
		{522B4E84-0F74-4074-B5F4-EA903144CEE7}.Release|Any CPU.ActiveCfg = Release|Any CPU
		{522B4E84-0F74-4074-B5F4-EA903144CEE7}.Release|Any CPU.Build.0 = Release|Any CPU
	EndGlobalSection
	GlobalSection(SolutionProperties) = preSolution
		HideSolutionNode = FALSE
	EndGlobalSection
	GlobalSection(ExtensibilityGlobals) = postSolution
		SolutionGuid = {072B312F-E4BC-40F4-98E7-143DDF1381C8}
	EndGlobalSection
EndGlobal
